dependencies:
- name: common
  repository: file://charts/common
  version: 0.0.20
- name: everest-db-namespace
  repository: file://charts/everest-db-namespace
  version: 1.13.1
- name: kube-state-metrics
  repository: https://prometheus-community.github.io/helm-charts
  version: 5.27.0
- name: victoria-metrics-operator
  repository: https://victoriametrics.github.io/helm-charts
  version: 0.43.0
- name: pmm
  repository: https://percona.github.io/percona-helm-charts
  version: 1.3.21
- name: pmm3
  repository: file://charts/pmm3
  version: 0.0.1
- name: everest-crds
  repository: file://charts/everest-crds
  version: 1.13.1
- name: operator-lifecycle-manager
  repository: https://percona.github.io/operator-lifecycle-manager
  version: 0.1.0
digest: sha256:0dfc6b7d5ec218141a7a42858bb01ee76cc00bcd1c15af8c278088e4898ddecf
generated: "2026-02-24T11:03:20.021364+03:00"
